
Microsoft Visual Studio Solution File, Format Version 12.00
# Visual Studio Version 16
VisualStudioVersion = 16.0.30523.141
MinimumVisualStudioVersion = 10.0.40219.1
Project("{9A19103F-16F7-4668-BE54-9A1E7A4F7556}") = "TransactionService.API", "TransactionService.API.csproj", "{79D2757A-CCBC-4307-983A-73C3759AA867}"
EndProject
Global
	GlobalSection(SolutionConfigurationPlatforms) = preSolution
		Debug|Any CPU = Debug|Any CPU
		Release|Any CPU = Release|Any CPU
	EndGlobalSection
	GlobalSection(ProjectConfigurationPlatforms) = postSolution
		{79D2757A-CCBC-4307-983A-73C3759AA867}.Debug|Any CPU.ActiveCfg = Debug|Any CPU
		{79D2757A-CCBC-4307-983A-73C3759AA867}.Debug|Any CPU.Build.0 = Debug|Any CPU
		{79D2757A-CCBC-4307-983A-73C3759AA867}.Release|Any CPU.ActiveCfg = Release|Any CPU
		{79D2757A-CCBC-4307-983A-73C3759AA867}.Release|Any CPU.Build.0 = Release|Any CPU
	EndGlobalSection
	GlobalSection(SolutionProperties) = preSolution
		HideSolutionNode = FALSE
	EndGlobalSection
	GlobalSection(ExtensibilityGlobals) = postSolution
		SolutionGuid = {F065B767-7E7F-48B3-B91A-956ECE41AFA5}
	EndGlobalSection
EndGlobal
